// !$*UTF8*$!
{
	archiveVersion = 1;
	classes = {
	};
	objectVersion = 55;
	objects = {

/* Begin PBXBuildFile section */
		C7197B292721F39D00980E7A /* LaunchScreen.storyboard in Resources */ = {isa = PBXBuildFile; fileRef = C7197B282721F39D00980E7A /* LaunchScreen.storyboard */; };
		C76B4216271AA17C00E5FBDB /* AppDelegate.swift in Sources */ = {isa = PBXBuildFile; fileRef = C76B4215271AA17C00E5FBDB /* AppDelegate.swift */; };
		C76B421A271AA17C00E5FBDB /* ViewController.swift in Sources */ = {isa = PBXBuildFile; fileRef = C76B4219271AA17C00E5FBDB /* ViewController.swift */; };
		C76B421F271AA17D00E5FBDB /* Assets.xcassets in Resources */ = {isa = PBXBuildFile; fileRef = C76B421E271AA17D00E5FBDB /* Assets.xcassets */; };
		C76B422A271AA3F400E5FBDB /* Elephants.swift in Sources */ = {isa = PBXBuildFile; fileRef = C76B4229271AA3F400E5FBDB /* Elephants.swift */; };
		C76B422D271AA70A00E5FBDB /* Sex.swift in Sources */ = {isa = PBXBuildFile; fileRef = C76B422C271AA70A00E5FBDB /* Sex.swift */; };
		C76B422F271AA72100E5FBDB /* Elephant.swift in Sources */ = {isa = PBXBuildFile; fileRef = C76B422E271AA72100E5FBDB /* Elephant.swift */; };
		C76B4231271AA76400E5FBDB /* API.swift in Sources */ = {isa = PBXBuildFile; fileRef = C76B4230271AA76400E5FBDB /* API.swift */; };
		C76B4233271AA7C900E5FBDB /* EndPoints.swift in Sources */ = {isa = PBXBuildFile; fileRef = C76B4232271AA7C900E5FBDB /* EndPoints.swift */; };
		C76B4236271AA82900E5FBDB /* HTTPMethods.swift in Sources */ = {isa = PBXBuildFile; fileRef = C76B4235271AA82900E5FBDB /* HTTPMethods.swift */; };
/* End PBXBuildFile section */

/* Begin PBXFileReference section */
		C7197B282721F39D00980E7A /* LaunchScreen.storyboard */ = {isa = PBXFileReference; lastKnownFileType = file.storyboard; name = LaunchScreen.storyboard; path = Elephants/LaunchScreen.storyboard; sourceTree = SOURCE_ROOT; };
		C76B4212271AA17C00E5FBDB /* Elephants.app */ = {isa = PBXFileReference; explicitFileType = wrapper.application; includeInIndex = 0; path = Elephants.app; sourceTree = BUILT_PRODUCTS_DIR; };
		C76B4215271AA17C00E5FBDB /* AppDelegate.swift */ = {isa = PBXFileReference; lastKnownFileType = sourcecode.swift; path = AppDelegate.swift; sourceTree = "<group>"; };
		C76B4219271AA17C00E5FBDB /* ViewController.swift */ = {isa = PBXFileReference; lastKnownFileType = sourcecode.swift; path = ViewController.swift; sourceTree = "<group>"; };
		C76B421E271AA17D00E5FBDB /* Assets.xcassets */ = {isa = PBXFileReference; lastKnownFileType = folder.assetcatalog; path = Assets.xcassets; sourceTree = "<group>"; };
		C76B4223271AA17D00E5FBDB /* Info.plist */ = {isa = PBXFileReference; lastKnownFileType = text.plist.xml; path = Info.plist; sourceTree = "<group>"; };
		C76B4229271AA3F400E5FBDB /* Elephants.swift */ = {isa = PBXFileReference; lastKnownFileType = sourcecode.swift; path = Elephants.swift; sourceTree = "<group>"; };
		C76B422C271AA70A00E5FBDB /* Sex.swift */ = {isa = PBXFileReference; lastKnownFileType = sourcecode.swift; path = Sex.swift; sourceTree = "<group>"; };
		C76B422E271AA72100E5FBDB /* Elephant.swift */ = {isa = PBXFileReference; lastKnownFileType = sourcecode.swift; path = Elephant.swift; sourceTree = "<group>"; };
		C76B4230271AA76400E5FBDB /* API.swift */ = {isa = PBXFileReference; lastKnownFileType = sourcecode.swift; path = API.swift; sourceTree = "<group>"; };
		C76B4232271AA7C900E5FBDB /* EndPoints.swift */ = {isa = PBXFileReference; lastKnownFileType = sourcecode.swift; path = EndPoints.swift; sourceTree = "<group>"; };
		C76B4235271AA82900E5FBDB /* HTTPMethods.swift */ = {isa = PBXFileReference; lastKnownFileType = sourcecode.swift; path = HTTPMethods.swift; sourceTree = "<group>"; };
/* End PBXFileReference section */

/* Begin PBXFrameworksBuildPhase section */
		C76B420F271AA17C00E5FBDB /* Frameworks */ = {
			isa = PBXFrameworksBuildPhase;
			buildActionMask = 2147483647;
			files = (
			);
			runOnlyForDeploymentPostprocessing = 0;
		};
/* End PBXFrameworksBuildPhase section */

/* Begin PBXGroup section */
		C76B4209271AA17C00E5FBDB = {
			isa = PBXGroup;
			children = (
				C76B4214271AA17C00E5FBDB /* Elephants */,
				C76B4213271AA17C00E5FBDB /* Products */,
			);
			sourceTree = "<group>";
		};
		C76B4213271AA17C00E5FBDB /* Products */ = {
			isa = PBXGroup;
			children = (
				C76B4212271AA17C00E5FBDB /* Elephants.app */,
			);
			name = Products;
			sourceTree = "<group>";
		};
		C76B4214271AA17C00E5FBDB /* Elephants */ = {
			isa = PBXGroup;
			children = (
				C76B4215271AA17C00E5FBDB /* AppDelegate.swift */,
				C76B4219271AA17C00E5FBDB /* ViewController.swift */,
				C76B422B271AA3FA00E5FBDB /* Models */,
				C76B421E271AA17D00E5FBDB /* Assets.xcassets */,
				C76B4223271AA17D00E5FBDB /* Info.plist */,
			);
			path = Elephants;
			sourceTree = "<group>";
		};
		C76B422B271AA3FA00E5FBDB /* Models */ = {
			isa = PBXGroup;
			children = (
				C76B4229271AA3F400E5FBDB /* Elephants.swift */,
				C76B422E271AA72100E5FBDB /* Elephant.swift */,
				C76B4230271AA76400E5FBDB /* API.swift */,
				C76B4234271AA7FF00E5FBDB /* Enums */,
			);
			path = Models;
			sourceTree = "<group>";
		};
		C76B4234271AA7FF00E5FBDB /* Enums */ = {
			isa = PBXGroup;
			children = (
				C76B422C271AA70A00E5FBDB /* Sex.swift */,
				C76B4232271AA7C900E5FBDB /* EndPoints.swift */,
				C76B4235271AA82900E5FBDB /* HTTPMethods.swift */,
				C7197B282721F39D00980E7A /* LaunchScreen.storyboard */,
			);
			path = Enums;
			sourceTree = "<group>";
		};
/* End PBXGroup section */

/* Begin PBXNativeTarget section */
		C76B4211271AA17C00E5FBDB /* Elephants */ = {
			isa = PBXNativeTarget;
			buildConfigurationList = C76B4226271AA17D00E5FBDB /* Build configuration list for PBXNativeTarget "Elephants" */;
			buildPhases = (
				C76B420E271AA17C00E5FBDB /* Sources */,
				C76B420F271AA17C00E5FBDB /* Frameworks */,
				C76B4210271AA17C00E5FBDB /* Resources */,
			);
			buildRules = (
			);
			dependencies = (
			);
			name = Elephants;
			productName = Elephants;
			productReference = C76B4212271AA17C00E5FBDB /* Elephants.app */;
			productType = "com.apple.product-type.application";
		};
/* End PBXNativeTarget section */

/* Begin PBXProject section */
		C76B420A271AA17C00E5FBDB /* Project object */ = {
			isa = PBXProject;
			attributes = {
				BuildIndependentTargetsInParallel = 1;
				LastSwiftUpdateCheck = 1300;
				LastUpgradeCheck = 1300;
				TargetAttributes = {
					C76B4211271AA17C00E5FBDB = {
						CreatedOnToolsVersion = 13.0;
					};
				};
			};
			buildConfigurationList = C76B420D271AA17C00E5FBDB /* Build configuration list for PBXProject "Elephants" */;
			compatibilityVersion = "Xcode 13.0";
			developmentRegion = en;
			hasScannedForEncodings = 0;
			knownRegions = (
				en,
				Base,
			);
			mainGroup = C76B4209271AA17C00E5FBDB;
			productRefGroup = C76B4213271AA17C00E5FBDB /* Products */;
			projectDirPath = "";
			projectRoot = "";
			targets = (
				C76B4211271AA17C00E5FBDB /* Elephants */,
			);
		};
/* End PBXProject section */

/* Begin PBXResourcesBuildPhase section */
		C76B4210271AA17C00E5FBDB /* Resources */ = {
			isa = PBXResourcesBuildPhase;
			buildActionMask = 2147483647;
			files = (
				C76B421F271AA17D00E5FBDB /* Assets.xcassets in Resources */,
				C7197B292721F39D00980E7A /* LaunchScreen.storyboard in Resources */,
			);
			runOnlyForDeploymentPostprocessing = 0;
		};
/* End PBXResourcesBuildPhase section */

/* Begin PBXSourcesBuildPhase section */
		C76B420E271AA17C00E5FBDB /* Sources */ = {
			isa = PBXSourcesBuildPhase;
			buildActionMask = 2147483647;
			files = (
				C76B4236271AA82900E5FBDB /* HTTPMethods.swift in Sources */,
				C76B422F271AA72100E5FBDB /* Elephant.swift in Sources */,
				C76B422D271AA70A00E5FBDB /* Sex.swift in Sources */,
				C76B421A271AA17C00E5FBDB /* ViewController.swift in Sources */,
				C76B4233271AA7C900E5FBDB /* EndPoints.swift in Sources */,
				C76B422A271AA3F400E5FBDB /* Elephants.swift in Sources */,
				C76B4231271AA76400E5FBDB /* API.swift in Sources */,
				C76B4216271AA17C00E5FBDB /* AppDelegate.swift in Sources */,
			);
			runOnlyForDeploymentPostprocessing = 0;
		};
/* End PBXSourcesBuildPhase section */

/* Begin XCBuildConfiguration section */
		C76B4224271AA17D00E5FBDB /* Debug */ = {
			isa = XCBuildConfiguration;
			buildSettings = {
				ALWAYS_SEARCH_USER_PATHS = NO;
				CLANG_ANALYZER_NONNULL = YES;
				CLANG_ANALYZER_NUMBER_OBJECT_CONVERSION = YES_AGGRESSIVE;
				CLANG_CXX_LANGUAGE_STANDARD = "gnu++17";
				CLANG_CXX_LIBRARY = "libc++";
				CLANG_ENABLE_MODULES = YES;
				CLANG_ENABLE_OBJC_ARC = YES;
				CLANG_ENABLE_OBJC_WEAK = YES;
				CLANG_WARN_BLOCK_CAPTURE_AUTORELEASING = YES;
				CLANG_WARN_BOOL_CONVERSION = YES;
				CLANG_WARN_COMMA = YES;
				CLANG_WARN_CONSTANT_CONVERSION = YES;
				CLANG_WARN_DEPRECATED_OBJC_IMPLEMENTATIONS = YES;
				CLANG_WARN_DIRECT_OBJC_ISA_USAGE = YES_ERROR;
				CLANG_WARN_DOCUMENTATION_COMMENTS = YES;
				CLANG_WARN_EMPTY_BODY = YES;
				CLANG_WARN_ENUM_CONVERSION = YES;
				CLANG_WARN_INFINITE_RECURSION = YES;
				CLANG_WARN_INT_CONVERSION = YES;
				CLANG_WARN_NON_LITERAL_NULL_CONVERSION = YES;
				CLANG_WARN_OBJC_IMPLICIT_RETAIN_SELF = YES;
				CLANG_WARN_OBJC_LITERAL_CONVERSION = YES;
				CLANG_WARN_OBJC_ROOT_CLASS = YES_ERROR;
				CLANG_WARN_QUOTED_INCLUDE_IN_FRAMEWORK_HEADER = YES;
				CLANG_WARN_RANGE_LOOP_ANALYSIS = YES;
				CLANG_WARN_STRICT_PROTOTYPES = YES;
				CLANG_WARN_SUSPICIOUS_MOVE = YES;
				CLANG_WARN_UNGUARDED_AVAILABILITY = YES_AGGRESSIVE;
				CLANG_WARN_UNREACHABLE_CODE = YES;
				CLANG_WARN__DUPLICATE_METHOD_MATCH = YES;
				COPY_PHASE_STRIP = NO;
				DEBUG_INFORMATION_FORMAT = dwarf;
				ENABLE_STRICT_OBJC_MSGSEND = YES;
				ENABLE_TESTABILITY = YES;
				GCC_C_LANGUAGE_STANDARD = gnu11;
				GCC_DYNAMIC_NO_PIC = NO;
				GCC_NO_COMMON_BLOCKS = YES;
				GCC_OPTIMIZATION_LEVEL = 0;
				GCC_PREPROCESSOR_DEFINITIONS = (
					"DEBUG=1",
					"$(inherited)",
				);
				GCC_WARN_64_TO_32_BIT_CONVERSION = YES;
				GCC_WARN_ABOUT_RETURN_TYPE = YES_ERROR;
				GCC_WARN_UNDECLARED_SELECTOR = YES;
				GCC_WARN_UNINITIALIZED_AUTOS = YES_AGGRESSIVE;
				GCC_WARN_UNUSED_FUNCTION = YES;
				GCC_WARN_UNUSED_VARIABLE = YES;
				IPHONEOS_DEPLOYMENT_TARGET = 15.0;
				MTL_ENABLE_DEBUG_INFO = INCLUDE_SOURCE;
				MTL_FAST_MATH = YES;
				ONLY_ACTIVE_ARCH = YES;
				SDKROOT = iphoneos;
				SWIFT_ACTIVE_COMPILATION_CONDITIONS = DEBUG;
				SWIFT_OPTIMIZATION_LEVEL = "-Onone";
			};
			name = Debug;
		};
		C76B4225271AA17D00E5FBDB /* Release */ = {
			isa = XCBuildConfiguration;
			buildSettings = {
				ALWAYS_SEARCH_USER_PATHS = NO;
				CLANG_ANALYZER_NONNULL = YES;
				CLANG_ANALYZER_NUMBER_OBJECT_CONVERSION = YES_AGGRESSIVE;
				CLANG_CXX_LANGUAGE_STANDARD = "gnu++17";
				CLANG_CXX_LIBRARY = "libc++";
				CLANG_ENABLE_MODULES = YES;
				CLANG_ENABLE_OBJC_ARC = YES;
				CLANG_ENABLE_OBJC_WEAK = YES;
				CLANG_WARN_BLOCK_CAPTURE_AUTORELEASING = YES;
				CLANG_WARN_BOOL_CONVERSION = YES;
				CLANG_WARN_COMMA = YES;
				CLANG_WARN_CONSTANT_CONVERSION = YES;
				CLANG_WARN_DEPRECATED_OBJC_IMPLEMENTATIONS = YES;
				CLANG_WARN_DIRECT_OBJC_ISA_USAGE = YES_ERROR;
				CLANG_WARN_DOCUMENTATION_COMMENTS = YES;
				CLANG_WARN_EMPTY_BODY = YES;
				CLANG_WARN_ENUM_CONVERSION = YES;
				CLANG_WARN_INFINITE_RECURSION = YES;
				CLANG_WARN_INT_CONVERSION = YES;
				CLANG_WARN_NON_LITERAL_NULL_CONVERSION = YES;
				CLANG_WARN_OBJC_IMPLICIT_RETAIN_SELF = YES;
				CLANG_WARN_OBJC_LITERAL_CONVERSION = YES;
				CLANG_WARN_OBJC_ROOT_CLASS = YES_ERROR;
				CLANG_WARN_QUOTED_INCLUDE_IN_FRAMEWORK_HEADER = YES;
				CLANG_WARN_RANGE_LOOP_ANALYSIS = YES;
				CLANG_WARN_STRICT_PROTOTYPES = YES;
				CLANG_WARN_SUSPICIOUS_MOVE = YES;
				CLANG_WARN_UNGUARDED_AVAILABILITY = YES_AGGRESSIVE;
				CLANG_WARN_UNREACHABLE_CODE = YES;
				CLANG_WARN__DUPLICATE_METHOD_MATCH = YES;
				COPY_PHASE_STRIP = NO;
				DEBUG_INFORMATION_FORMAT = "dwarf-with-dsym";
				ENABLE_NS_ASSERTIONS = NO;
				ENABLE_STRICT_OBJC_MSGSEND = YES;
				GCC_C_LANGUAGE_STANDARD = gnu11;
				GCC_NO_COMMON_BLOCKS = YES;
				GCC_WARN_64_TO_32_BIT_CONVERSION = YES;
				GCC_WARN_ABOUT_RETURN_TYPE = YES_ERROR;
				GCC_WARN_UNDECLARED_SELECTOR = YES;
				GCC_WARN_UNINITIALIZED_AUTOS = YES_AGGRESSIVE;
				GCC_WARN_UNUSED_FUNCTION = YES;
				GCC_WARN_UNUSED_VARIABLE = YES;
				IPHONEOS_DEPLOYMENT_TARGET = 15.0;
				MTL_ENABLE_DEBUG_INFO = NO;
				MTL_FAST_MATH = YES;
				SDKROOT = iphoneos;
				SWIFT_COMPILATION_MODE = wholemodule;
				SWIFT_OPTIMIZATION_LEVEL = "-O";
				VALIDATE_PRODUCT = YES;
			};
			name = Release;
		};
		C76B4227271AA17D00E5FBDB /* Debug */ = {
			isa = XCBuildConfiguration;
			buildSettings = {
				ASSETCATALOG_COMPILER_APPICON_NAME = AppIcon;
				ASSETCATALOG_COMPILER_GLOBAL_ACCENT_COLOR_NAME = AccentColor;
				CODE_SIGN_STYLE = Automatic;
				CURRENT_PROJECT_VERSION = 1;
				DEVELOPMENT_TEAM = 4ZZKC683QZ;
				GENERATE_INFOPLIST_FILE = YES;
				INFOPLIST_FILE = Elephants/Info.plist;
				INFOPLIST_KEY_UIApplicationSupportsIndirectInputEvents = YES;
				INFOPLIST_KEY_UILaunchStoryboardName = LaunchScreen;
				INFOPLIST_KEY_UISupportedInterfaceOrientations_iPad = "UIInterfaceOrientationPortrait UIInterfaceOrientationPortraitUpsideDown UIInterfaceOrientationLandscapeLeft UIInterfaceOrientationLandscapeRight";
				INFOPLIST_KEY_UISupportedInterfaceOrientations_iPhone = "UIInterfaceOrientationPortrait UIInterfaceOrientationLandscapeLeft UIInterfaceOrientationLandscapeRight";
				LD_RUNPATH_SEARCH_PATHS = (
					"$(inherited)",
					"@executable_path/Frameworks",
				);
				MARKETING_VERSION = 1.0;
				PRODUCT_BUNDLE_IDENTIFIER = com.wbfmobile.Elephants;
				PRODUCT_NAME = "$(TARGET_NAME)";
				SWIFT_EMIT_LOC_STRINGS = YES;
				SWIFT_VERSION = 5.0;
				TARGETED_DEVICE_FAMILY = 1;
			};
			name = Debug;
		};
		C76B4228271AA17D00E5FBDB /* Release */ = {
			isa = XCBuildConfiguration;
			buildSettings = {
				ASSETCATALOG_COMPILER_APPICON_NAME = AppIcon;
				ASSETCATALOG_COMPILER_GLOBAL_ACCENT_COLOR_NAME = AccentColor;
				CODE_SIGN_STYLE = Automatic;
				CURRENT_PROJECT_VERSION = 1;
				DEVELOPMENT_TEAM = 4ZZKC683QZ;
				GENERATE_INFOPLIST_FILE = YES;
				INFOPLIST_FILE = Elephants/Info.plist;
				INFOPLIST_KEY_UIApplicationSupportsIndirectInputEvents = YES;
				INFOPLIST_KEY_UILaunchStoryboardName = LaunchScreen;
				INFOPLIST_KEY_UISupportedInterfaceOrientations_iPad = "UIInterfaceOrientationPortrait UIInterfaceOrientationPortraitUpsideDown UIInterfaceOrientationLandscapeLeft UIInterfaceOrientationLandscapeRight";
				INFOPLIST_KEY_UISupportedInterfaceOrientations_iPhone = "UIInterfaceOrientationPortrait UIInterfaceOrientationLandscapeLeft UIInterfaceOrientationLandscapeRight";
				LD_RUNPATH_SEARCH_PATHS = (
					"$(inherited)",
					"@executable_path/Frameworks",
				);
				MARKETING_VERSION = 1.0;
				PRODUCT_BUNDLE_IDENTIFIER = com.wbfmobile.Elephants;
				PRODUCT_NAME = "$(TARGET_NAME)";
				SWIFT_EMIT_LOC_STRINGS = YES;
				SWIFT_VERSION = 5.0;
				TARGETED_DEVICE_FAMILY = 1;
			};
			name = Release;
		};
/* End XCBuildConfiguration section */

/* Begin XCConfigurationList section */
		C76B420D271AA17C00E5FBDB /* Build configuration list for PBXProject "Elephants" */ = {
			isa = XCConfigurationList;
			buildConfigurations = (
				C76B4224271AA17D00E5FBDB /* Debug */,
				C76B4225271AA17D00E5FBDB /* Release */,
			);
			defaultConfigurationIsVisible = 0;
			defaultConfigurationName = Release;
		};
		C76B4226271AA17D00E5FBDB /* Build configuration list for PBXNativeTarget "Elephants" */ = {
			isa = XCConfigurationList;
			buildConfigurations = (
				C76B4227271AA17D00E5FBDB /* Debug */,
				C76B4228271AA17D00E5FBDB /* Release */,
			);
			defaultConfigurationIsVisible = 0;
			defaultConfigurationName = Release;
		};
/* End XCConfigurationList section */
	};
	rootObject = C76B420A271AA17C00E5FBDB /* Project object */;
}
